
Microsoft Visual Studio Solution File, Format Version 11.00
# Visual Studio 2010
Project("{D2ABAB84-BF74-430A-B69E-9DC6D40DDA17}") = "143139", "143139.dwproj", "{F9468225-5B4D-4BEF-AFF5-115624FBE4AE}"
EndProject
Global
	GlobalSection(SolutionConfigurationPlatforms) = preSolution
		Development|Default = Development|Default
	EndGlobalSection
	GlobalSection(ProjectConfigurationPlatforms) = postSolution
		{F9468225-5B4D-4BEF-AFF5-115624FBE4AE}.Development|Default.ActiveCfg = Development
		{F9468225-5B4D-4BEF-AFF5-115624FBE4AE}.Development|Default.Build.0 = Development
		{F9468225-5B4D-4BEF-AFF5-115624FBE4AE}.Development|Default.Deploy.0 = Development
	EndGlobalSection
	GlobalSection(SolutionProperties) = preSolution
		HideSolutionNode = FALSE
	EndGlobalSection
EndGlobal
